// !$*UTF8*$!
{
	archiveVersion = 1;
	classes = {
	};
	objectVersion = 47;
	objects = {

/* Begin PBXBuildFile section */
		075C63F11E40DF6500E8B6CA /* AppDelegate.swift in Sources */ = {isa = PBXBuildFile; fileRef = 075C63F01E40DF6500E8B6CA /* AppDelegate.swift */; };
		075C63F31E40DF6500E8B6CA /* MainViewController.swift in Sources */ = {isa = PBXBuildFile; fileRef = 075C63F21E40DF6500E8B6CA /* MainViewController.swift */; };
		075C63F81E40DF6500E8B6CA /* TravelKit.xcassets in Resources */ = {isa = PBXBuildFile; fileRef = 075C63F71E40DF6500E8B6CA /* TravelKit.xcassets */; };
		075C64031E40E49300E8B6CA /* MapViewController.swift in Sources */ = {isa = PBXBuildFile; fileRef = 075C64021E40E49300E8B6CA /* MapViewController.swift */; };
		075C64081E41D30500E8B6CA /* MapKit.framework in Frameworks */ = {isa = PBXBuildFile; fileRef = 075C64061E40E54700E8B6CA /* MapKit.framework */; };
		075C640A1E41D31A00E8B6CA /* PlacesListViewController.swift in Sources */ = {isa = PBXBuildFile; fileRef = 075C64091E41D31A00E8B6CA /* PlacesListViewController.swift */; };
		075C64431E41E08B00E8B6CA /* PlaceDetailViewController.swift in Sources */ = {isa = PBXBuildFile; fileRef = 075C64421E41E08B00E8B6CA /* PlaceDetailViewController.swift */; };
		07F7650C1E43373B00727090 /* ExtensionHelper.swift in Sources */ = {isa = PBXBuildFile; fileRef = 07F7650B1E43373B00727090 /* ExtensionHelper.swift */; };
		07F7650E1E433CFD00727090 /* GalleryViewController.swift in Sources */ = {isa = PBXBuildFile; fileRef = 07F7650D1E433CFD00727090 /* GalleryViewController.swift */; };
		D608D0D41E77FF8000A1CA41 /* TravelKit.framework in Frameworks */ = {isa = PBXBuildFile; fileRef = D608D0D11E77FF6800A1CA41 /* TravelKit.framework */; };
		D608D0D51E77FF8000A1CA41 /* TravelKit.framework in Embed Frameworks */ = {isa = PBXBuildFile; fileRef = D608D0D11E77FF6800A1CA41 /* TravelKit.framework */; settings = {ATTRIBUTES = (CodeSignOnCopy, RemoveHeadersOnCopy, ); }; };
		D608D0DB1E7819CE00A1CA41 /* TKPlaceDetailViewController.m in Sources */ = {isa = PBXBuildFile; fileRef = D608D0DA1E7819CE00A1CA41 /* TKPlaceDetailViewController.m */; };
		D608D0DF1E78266700A1CA41 /* UIKit+TravelKit.m in Sources */ = {isa = PBXBuildFile; fileRef = D608D0DE1E78266700A1CA41 /* UIKit+TravelKit.m */; };
		D61B62C51E9E40530040594D /* TKGalleryCollectionViewController.m in Sources */ = {isa = PBXBuildFile; fileRef = D61B62BE1E9E40530040594D /* TKGalleryCollectionViewController.m */; };
		D65086D71E811C34001DF298 /* TKBrowserViewController.m in Sources */ = {isa = PBXBuildFile; fileRef = D65086D61E811C34001DF298 /* TKBrowserViewController.m */; };
		D66172721E9619C70088CEEE /* TKPlacesListViewController.m in Sources */ = {isa = PBXBuildFile; fileRef = D66172711E9619C70088CEEE /* TKPlacesListViewController.m */; };
		D66172771E9644C30088CEEE /* TKPlaceImageView.m in Sources */ = {isa = PBXBuildFile; fileRef = D66172761E9644C30088CEEE /* TKPlaceImageView.m */; };
		D689DBF91EBB0A3F00708599 /* TKPlace+TravelKit.m in Sources */ = {isa = PBXBuildFile; fileRef = D689DBF81EBB0A3F00708599 /* TKPlace+TravelKit.m */; };
		D6B6DB1C1E9E4CFE00104C8C /* MHUIImageViewContentViewAnimation.m in Sources */ = {isa = PBXBuildFile; fileRef = D6B6DB1B1E9E4CFE00104C8C /* MHUIImageViewContentViewAnimation.m */; };
		D6B6DB1F1E9E4D5E00104C8C /* TKGalleryTransitions.m in Sources */ = {isa = PBXBuildFile; fileRef = D61B62C21E9E40530040594D /* TKGalleryTransitions.m */; };
		D6B6DB201E9E4E6A00104C8C /* TKGalleryViewController.m in Sources */ = {isa = PBXBuildFile; fileRef = D61B62C41E9E40530040594D /* TKGalleryViewController.m */; };
		D6B6DB211E9E517900104C8C /* TKGalleryMediumView.m in Sources */ = {isa = PBXBuildFile; fileRef = D61B62C01E9E40530040594D /* TKGalleryMediumView.m */; };
		D6C4DF391E82B4AC0076BEDD /* TKReferenceListViewController.m in Sources */ = {isa = PBXBuildFile; fileRef = D6C4DF381E82B4AC0076BEDD /* TKReferenceListViewController.m */; };
		D6C991421E9E7797003D863F /* TKNavigationController.m in Sources */ = {isa = PBXBuildFile; fileRef = D6C991411E9E7797003D863F /* TKNavigationController.m */; };
		D6CF594C1E79230000C7840B /* TKPlaceDetailCells.m in Sources */ = {isa = PBXBuildFile; fileRef = D6CF594B1E79230000C7840B /* TKPlaceDetailCells.m */; };
		D6E71DD11EA75A5D000080FF /* TKMapViewController.m in Sources */ = {isa = PBXBuildFile; fileRef = D6E71DD01EA75A5D000080FF /* TKMapViewController.m */; };
		D6E8E6781E8539F000E8A8F3 /* MapMarkers.ttf in Resources */ = {isa = PBXBuildFile; fileRef = D6E8E6771E8539F000E8A8F3 /* MapMarkers.ttf */; };
/* End PBXBuildFile section */

/* Begin PBXContainerItemProxy section */
		D608D0CE1E77FF6800A1CA41 /* PBXContainerItemProxy */ = {
			isa = PBXContainerItemProxy;
			containerPortal = D608D0C81E77FF6800A1CA41 /* TravelKit.xcodeproj */;
			proxyType = 2;
			remoteGlobalIDString = D6B2A1541E530F60005509E8;
			remoteInfo = "TravelKit-macOS";
		};
		D608D0D01E77FF6800A1CA41 /* PBXContainerItemProxy */ = {
			isa = PBXContainerItemProxy;
			containerPortal = D608D0C81E77FF6800A1CA41 /* TravelKit.xcodeproj */;
			proxyType = 2;
			remoteGlobalIDString = D6C3D04C1E4DD36200EBB54F;
			remoteInfo = "TravelKit-iOS";
		};
		D608D0D21E77FF6800A1CA41 /* PBXContainerItemProxy */ = {
			isa = PBXContainerItemProxy;
			containerPortal = D608D0C81E77FF6800A1CA41 /* TravelKit.xcodeproj */;
			proxyType = 2;
			remoteGlobalIDString = D6B2A1291E530AFD005509E8;
			remoteInfo = "TravelKit-tvOS";
		};
		D608D0D61E77FF8000A1CA41 /* PBXContainerItemProxy */ = {
			isa = PBXContainerItemProxy;
			containerPortal = D608D0C81E77FF6800A1CA41 /* TravelKit.xcodeproj */;
			proxyType = 1;
			remoteGlobalIDString = D6C3D04B1E4DD36200EBB54F;
			remoteInfo = "TravelKit-iOS";
		};
/* End PBXContainerItemProxy section */

/* Begin PBXCopyFilesBuildPhase section */
		0761B7F71E421046008A851B /* Embed Frameworks */ = {
			isa = PBXCopyFilesBuildPhase;
			buildActionMask = 2147483647;
			dstPath = "";
			dstSubfolderSpec = 10;
			files = (
				D608D0D51E77FF8000A1CA41 /* TravelKit.framework in Embed Frameworks */,
			);
			name = "Embed Frameworks";
			runOnlyForDeploymentPostprocessing = 0;
		};
/* End PBXCopyFilesBuildPhase section */

/* Begin PBXFileReference section */
		075C63ED1E40DF6500E8B6CA /* TravelKit-Demo.app */ = {isa = PBXFileReference; explicitFileType = wrapper.application; includeInIndex = 0; path = "TravelKit-Demo.app"; sourceTree = BUILT_PRODUCTS_DIR; };
		075C63F01E40DF6500E8B6CA /* AppDelegate.swift */ = {isa = PBXFileReference; lastKnownFileType = sourcecode.swift; path = AppDelegate.swift; sourceTree = "<group>"; };
		075C63F21E40DF6500E8B6CA /* MainViewController.swift */ = {isa = PBXFileReference; lastKnownFileType = sourcecode.swift; path = MainViewController.swift; sourceTree = "<group>"; };
		075C63F71E40DF6500E8B6CA /* TravelKit.xcassets */ = {isa = PBXFileReference; lastKnownFileType = folder.assetcatalog; path = TravelKit.xcassets; sourceTree = "<group>"; };
		075C63FC1E40DF6500E8B6CA /* Info.plist */ = {isa = PBXFileReference; lastKnownFileType = text.plist.xml; path = Info.plist; sourceTree = "<group>"; };
		075C64021E40E49300E8B6CA /* MapViewController.swift */ = {isa = PBXFileReference; fileEncoding = 4; lastKnownFileType = sourcecode.swift; path = MapViewController.swift; sourceTree = "<group>"; };
		075C64061E40E54700E8B6CA /* MapKit.framework */ = {isa = PBXFileReference; lastKnownFileType = wrapper.framework; name = MapKit.framework; path = System/Library/Frameworks/MapKit.framework; sourceTree = SDKROOT; };
		075C64091E41D31A00E8B6CA /* PlacesListViewController.swift */ = {isa = PBXFileReference; fileEncoding = 4; lastKnownFileType = sourcecode.swift; path = PlacesListViewController.swift; sourceTree = "<group>"; };
		075C64421E41E08B00E8B6CA /* PlaceDetailViewController.swift */ = {isa = PBXFileReference; fileEncoding = 4; lastKnownFileType = sourcecode.swift; path = PlaceDetailViewController.swift; sourceTree = "<group>"; };
		07F7650B1E43373B00727090 /* ExtensionHelper.swift */ = {isa = PBXFileReference; fileEncoding = 4; lastKnownFileType = sourcecode.swift; path = ExtensionHelper.swift; sourceTree = "<group>"; };
		07F7650D1E433CFD00727090 /* GalleryViewController.swift */ = {isa = PBXFileReference; fileEncoding = 4; lastKnownFileType = sourcecode.swift; path = GalleryViewController.swift; sourceTree = "<group>"; };
		D608D0C81E77FF6800A1CA41 /* TravelKit.xcodeproj */ = {isa = PBXFileReference; lastKnownFileType = "wrapper.pb-project"; name = TravelKit.xcodeproj; path = SDK/TravelKit.xcodeproj; sourceTree = "<group>"; };
		D608D0D81E7819CE00A1CA41 /* Bridging-Header.h */ = {isa = PBXFileReference; lastKnownFileType = sourcecode.c.h; path = "Bridging-Header.h"; sourceTree = "<group>"; };
		D608D0D91E7819CE00A1CA41 /* TKPlaceDetailViewController.h */ = {isa = PBXFileReference; fileEncoding = 4; lastKnownFileType = sourcecode.c.h; path = TKPlaceDetailViewController.h; sourceTree = "<group>"; };
		D608D0DA1E7819CE00A1CA41 /* TKPlaceDetailViewController.m */ = {isa = PBXFileReference; fileEncoding = 4; lastKnownFileType = sourcecode.c.objc; path = TKPlaceDetailViewController.m; sourceTree = "<group>"; };
		D608D0DD1E78266700A1CA41 /* UIKit+TravelKit.h */ = {isa = PBXFileReference; fileEncoding = 4; lastKnownFileType = sourcecode.c.h; path = "UIKit+TravelKit.h"; sourceTree = "<group>"; };
		D608D0DE1E78266700A1CA41 /* UIKit+TravelKit.m */ = {isa = PBXFileReference; fileEncoding = 4; lastKnownFileType = sourcecode.c.objc; path = "UIKit+TravelKit.m"; sourceTree = "<group>"; };
		D61B62BD1E9E40530040594D /* TKGalleryCollectionViewController.h */ = {isa = PBXFileReference; fileEncoding = 4; lastKnownFileType = sourcecode.c.h; path = TKGalleryCollectionViewController.h; sourceTree = "<group>"; };
		D61B62BE1E9E40530040594D /* TKGalleryCollectionViewController.m */ = {isa = PBXFileReference; fileEncoding = 4; lastKnownFileType = sourcecode.c.objc; path = TKGalleryCollectionViewController.m; sourceTree = "<group>"; };
		D61B62BF1E9E40530040594D /* TKGalleryMediumView.h */ = {isa = PBXFileReference; fileEncoding = 4; lastKnownFileType = sourcecode.c.h; path = TKGalleryMediumView.h; sourceTree = "<group>"; };
		D61B62C01E9E40530040594D /* TKGalleryMediumView.m */ = {isa = PBXFileReference; fileEncoding = 4; lastKnownFileType = sourcecode.c.objc; path = TKGalleryMediumView.m; sourceTree = "<group>"; };
		D61B62C11E9E40530040594D /* TKGalleryTransitions.h */ = {isa = PBXFileReference; fileEncoding = 4; lastKnownFileType = sourcecode.c.h; path = TKGalleryTransitions.h; sourceTree = "<group>"; };
		D61B62C21E9E40530040594D /* TKGalleryTransitions.m */ = {isa = PBXFileReference; fileEncoding = 4; lastKnownFileType = sourcecode.c.objc; path = TKGalleryTransitions.m; sourceTree = "<group>"; };
		D61B62C31E9E40530040594D /* TKGalleryViewController.h */ = {isa = PBXFileReference; fileEncoding = 4; lastKnownFileType = sourcecode.c.h; path = TKGalleryViewController.h; sourceTree = "<group>"; };
		D61B62C41E9E40530040594D /* TKGalleryViewController.m */ = {isa = PBXFileReference; fileEncoding = 4; lastKnownFileType = sourcecode.c.objc; path = TKGalleryViewController.m; sourceTree = "<group>"; };
		D61B62CB1E9E414A0040594D /* TKVR360VideoController.h */ = {isa = PBXFileReference; fileEncoding = 4; lastKnownFileType = sourcecode.c.h; path = TKVR360VideoController.h; sourceTree = "<group>"; };
		D61B62CC1E9E414A0040594D /* TKVR360VideoController.m */ = {isa = PBXFileReference; fileEncoding = 4; lastKnownFileType = sourcecode.c.objc; path = TKVR360VideoController.m; sourceTree = "<group>"; };
		D65086D51E811C34001DF298 /* TKBrowserViewController.h */ = {isa = PBXFileReference; fileEncoding = 4; lastKnownFileType = sourcecode.c.h; path = TKBrowserViewController.h; sourceTree = "<group>"; };
		D65086D61E811C34001DF298 /* TKBrowserViewController.m */ = {isa = PBXFileReference; fileEncoding = 4; lastKnownFileType = sourcecode.c.objc; path = TKBrowserViewController.m; sourceTree = "<group>"; };
		D66172701E9619C70088CEEE /* TKPlacesListViewController.h */ = {isa = PBXFileReference; fileEncoding = 4; lastKnownFileType = sourcecode.c.h; path = TKPlacesListViewController.h; sourceTree = "<group>"; };
		D66172711E9619C70088CEEE /* TKPlacesListViewController.m */ = {isa = PBXFileReference; fileEncoding = 4; lastKnownFileType = sourcecode.c.objc; path = TKPlacesListViewController.m; sourceTree = "<group>"; };
		D66172751E9644C30088CEEE /* TKPlaceImageView.h */ = {isa = PBXFileReference; fileEncoding = 4; lastKnownFileType = sourcecode.c.h; path = TKPlaceImageView.h; sourceTree = "<group>"; };
		D66172761E9644C30088CEEE /* TKPlaceImageView.m */ = {isa = PBXFileReference; fileEncoding = 4; lastKnownFileType = sourcecode.c.objc; path = TKPlaceImageView.m; sourceTree = "<group>"; };
		D689DBF71EBB0A3F00708599 /* TKPlace+TravelKit.h */ = {isa = PBXFileReference; fileEncoding = 4; lastKnownFileType = sourcecode.c.h; path = "TKPlace+TravelKit.h"; sourceTree = "<group>"; };
		D689DBF81EBB0A3F00708599 /* TKPlace+TravelKit.m */ = {isa = PBXFileReference; fileEncoding = 4; lastKnownFileType = sourcecode.c.objc; path = "TKPlace+TravelKit.m"; sourceTree = "<group>"; };
		D698318C1EF3D3C6002776BE /* TravelKit.playground */ = {isa = PBXFileReference; lastKnownFileType = file.playground; name = TravelKit.playground; path = SDK/TravelKit.playground; sourceTree = "<group>"; };
		D6B6DB1A1E9E4CFE00104C8C /* MHUIImageViewContentViewAnimation.h */ = {isa = PBXFileReference; fileEncoding = 4; lastKnownFileType = sourcecode.c.h; path = MHUIImageViewContentViewAnimation.h; sourceTree = "<group>"; };
		D6B6DB1B1E9E4CFE00104C8C /* MHUIImageViewContentViewAnimation.m */ = {isa = PBXFileReference; fileEncoding = 4; lastKnownFileType = sourcecode.c.objc; path = MHUIImageViewContentViewAnimation.m; sourceTree = "<group>"; };
		D6C4DF371E82B4AC0076BEDD /* TKReferenceListViewController.h */ = {isa = PBXFileReference; fileEncoding = 4; lastKnownFileType = sourcecode.c.h; path = TKReferenceListViewController.h; sourceTree = "<group>"; };
		D6C4DF381E82B4AC0076BEDD /* TKReferenceListViewController.m */ = {isa = PBXFileReference; fileEncoding = 4; lastKnownFileType = sourcecode.c.objc; path = TKReferenceListViewController.m; sourceTree = "<group>"; };
		D6C991401E9E7797003D863F /* TKNavigationController.h */ = {isa = PBXFileReference; fileEncoding = 4; lastKnownFileType = sourcecode.c.h; path = TKNavigationController.h; sourceTree = "<group>"; };
		D6C991411E9E7797003D863F /* TKNavigationController.m */ = {isa = PBXFileReference; fileEncoding = 4; lastKnownFileType = sourcecode.c.objc; path = TKNavigationController.m; sourceTree = "<group>"; };
		D6CF594A1E79230000C7840B /* TKPlaceDetailCells.h */ = {isa = PBXFileReference; fileEncoding = 4; lastKnownFileType = sourcecode.c.h; path = TKPlaceDetailCells.h; sourceTree = "<group>"; };
		D6CF594B1E79230000C7840B /* TKPlaceDetailCells.m */ = {isa = PBXFileReference; fileEncoding = 4; lastKnownFileType = sourcecode.c.objc; path = TKPlaceDetailCells.m; sourceTree = "<group>"; };
		D6E71DCF1EA75A5D000080FF /* TKMapViewController.h */ = {isa = PBXFileReference; fileEncoding = 4; lastKnownFileType = sourcecode.c.h; path = TKMapViewController.h; sourceTree = "<group>"; };
		D6E71DD01EA75A5D000080FF /* TKMapViewController.m */ = {isa = PBXFileReference; fileEncoding = 4; lastKnownFileType = sourcecode.c.objc; path = TKMapViewController.m; sourceTree = "<group>"; };
		D6E8E6771E8539F000E8A8F3 /* MapMarkers.ttf */ = {isa = PBXFileReference; lastKnownFileType = file; path = MapMarkers.ttf; sourceTree = "<group>"; };
/* End PBXFileReference section */

/* Begin PBXFrameworksBuildPhase section */
		075C63EA1E40DF6500E8B6CA /* Frameworks */ = {
			isa = PBXFrameworksBuildPhase;
			buildActionMask = 2147483647;
			files = (
				075C64081E41D30500E8B6CA /* MapKit.framework in Frameworks */,
				D608D0D41E77FF8000A1CA41 /* TravelKit.framework in Frameworks */,
			);
			runOnlyForDeploymentPostprocessing = 0;
		};
/* End PBXFrameworksBuildPhase section */

/* Begin PBXGroup section */
		075C63E41E40DF6500E8B6CA = {
			isa = PBXGroup;
			children = (
				D698318C1EF3D3C6002776BE /* TravelKit.playground */,
				D608D0C81E77FF6800A1CA41 /* TravelKit.xcodeproj */,
				075C63EF1E40DF6500E8B6CA /* TravelKit-Demo */,
				075C63EE1E40DF6500E8B6CA /* Products */,
				075C64051E40E54700E8B6CA /* Frameworks */,
			);
			sourceTree = "<group>";
		};
		075C63EE1E40DF6500E8B6CA /* Products */ = {
			isa = PBXGroup;
			children = (
				075C63ED1E40DF6500E8B6CA /* TravelKit-Demo.app */,
			);
			name = Products;
			sourceTree = "<group>";
		};
		075C63EF1E40DF6500E8B6CA /* TravelKit-Demo */ = {
			isa = PBXGroup;
			children = (
				D6E8E6761E8539F000E8A8F3 /* Fonts */,
				075C64041E40E4B400E8B6CA /* Sources */,
				075C63F01E40DF6500E8B6CA /* AppDelegate.swift */,
				075C63F71E40DF6500E8B6CA /* TravelKit.xcassets */,
				075C63FC1E40DF6500E8B6CA /* Info.plist */,
				07F7650B1E43373B00727090 /* ExtensionHelper.swift */,
			);
			path = "TravelKit-Demo";
			sourceTree = "<group>";
		};
		075C64041E40E4B400E8B6CA /* Sources */ = {
			isa = PBXGroup;
			children = (
				D608D0D81E7819CE00A1CA41 /* Bridging-Header.h */,
				07F7650D1E433CFD00727090 /* GalleryViewController.swift */,
				075C63F21E40DF6500E8B6CA /* MainViewController.swift */,
				075C64021E40E49300E8B6CA /* MapViewController.swift */,
				D6B6DB1A1E9E4CFE00104C8C /* MHUIImageViewContentViewAnimation.h */,
				D6B6DB1B1E9E4CFE00104C8C /* MHUIImageViewContentViewAnimation.m */,
				075C64421E41E08B00E8B6CA /* PlaceDetailViewController.swift */,
				075C64091E41D31A00E8B6CA /* PlacesListViewController.swift */,
				D65086D51E811C34001DF298 /* TKBrowserViewController.h */,
				D65086D61E811C34001DF298 /* TKBrowserViewController.m */,
				D61B62BD1E9E40530040594D /* TKGalleryCollectionViewController.h */,
				D61B62BE1E9E40530040594D /* TKGalleryCollectionViewController.m */,
				D61B62BF1E9E40530040594D /* TKGalleryMediumView.h */,
				D61B62C01E9E40530040594D /* TKGalleryMediumView.m */,
				D61B62C11E9E40530040594D /* TKGalleryTransitions.h */,
				D61B62C21E9E40530040594D /* TKGalleryTransitions.m */,
				D61B62C31E9E40530040594D /* TKGalleryViewController.h */,
				D61B62C41E9E40530040594D /* TKGalleryViewController.m */,
				D6E71DCF1EA75A5D000080FF /* TKMapViewController.h */,
				D6E71DD01EA75A5D000080FF /* TKMapViewController.m */,
				D6C991401E9E7797003D863F /* TKNavigationController.h */,
				D6C991411E9E7797003D863F /* TKNavigationController.m */,
				D6CF594A1E79230000C7840B /* TKPlaceDetailCells.h */,
				D6CF594B1E79230000C7840B /* TKPlaceDetailCells.m */,
				D608D0D91E7819CE00A1CA41 /* TKPlaceDetailViewController.h */,
				D608D0DA1E7819CE00A1CA41 /* TKPlaceDetailViewController.m */,
				D66172751E9644C30088CEEE /* TKPlaceImageView.h */,
				D66172761E9644C30088CEEE /* TKPlaceImageView.m */,
				D66172701E9619C70088CEEE /* TKPlacesListViewController.h */,
				D66172711E9619C70088CEEE /* TKPlacesListViewController.m */,
				D6C4DF371E82B4AC0076BEDD /* TKReferenceListViewController.h */,
				D6C4DF381E82B4AC0076BEDD /* TKReferenceListViewController.m */,
				D61B62CB1E9E414A0040594D /* TKVR360VideoController.h */,
				D61B62CC1E9E414A0040594D /* TKVR360VideoController.m */,
				D608D0DD1E78266700A1CA41 /* UIKit+TravelKit.h */,
				D608D0DE1E78266700A1CA41 /* UIKit+TravelKit.m */,
				D689DBF71EBB0A3F00708599 /* TKPlace+TravelKit.h */,
				D689DBF81EBB0A3F00708599 /* TKPlace+TravelKit.m */,
			);
			name = Sources;
			sourceTree = "<group>";
		};
		075C64051E40E54700E8B6CA /* Frameworks */ = {
			isa = PBXGroup;
			children = (
				075C64061E40E54700E8B6CA /* MapKit.framework */,
			);
			name = Frameworks;
			sourceTree = "<group>";
		};
		D608D0C91E77FF6800A1CA41 /* Products */ = {
			isa = PBXGroup;
			children = (
				D608D0CF1E77FF6800A1CA41 /* TravelKit.framework */,
				D608D0D11E77FF6800A1CA41 /* TravelKit.framework */,
				D608D0D31E77FF6800A1CA41 /* TravelKit.framework */,
			);
			name = Products;
			sourceTree = "<group>";
		};
		D6E8E6761E8539F000E8A8F3 /* Fonts */ = {
			isa = PBXGroup;
			children = (
				D6E8E6771E8539F000E8A8F3 /* MapMarkers.ttf */,
			);
			path = Fonts;
			sourceTree = "<group>";
		};
/* End PBXGroup section */

/* Begin PBXNativeTarget section */
		075C63EC1E40DF6500E8B6CA /* TravelKit-Demo */ = {
			isa = PBXNativeTarget;
			buildConfigurationList = 075C63FF1E40DF6500E8B6CA /* Build configuration list for PBXNativeTarget "TravelKit-Demo" */;
			buildPhases = (
				075C63E91E40DF6500E8B6CA /* Sources */,
				075C63EA1E40DF6500E8B6CA /* Frameworks */,
				075C63EB1E40DF6500E8B6CA /* Resources */,
				0761B7F71E421046008A851B /* Embed Frameworks */,
			);
			buildRules = (
			);
			dependencies = (
				D608D0D71E77FF8000A1CA41 /* PBXTargetDependency */,
			);
			name = "TravelKit-Demo";
			productName = "SygicTravel-Demo";
			productReference = 075C63ED1E40DF6500E8B6CA /* TravelKit-Demo.app */;
			productType = "com.apple.product-type.application";
		};
/* End PBXNativeTarget section */

/* Begin PBXProject section */
		075C63E51E40DF6500E8B6CA /* Project object */ = {
			isa = PBXProject;
			attributes = {
				LastSwiftUpdateCheck = 0820;
				LastUpgradeCheck = 0820;
				ORGANIZATIONNAME = Tripomatic;
				TargetAttributes = {
					075C63EC1E40DF6500E8B6CA = {
						CreatedOnToolsVersion = 8.2;
						DevelopmentTeam = WZAKCTX75Z;
						LastSwiftMigration = 0820;
						ProvisioningStyle = Automatic;
					};
				};
			};
			buildConfigurationList = 075C63E81E40DF6500E8B6CA /* Build configuration list for PBXProject "TravelKit-Demo" */;
			compatibilityVersion = "Xcode 6.3";
			developmentRegion = English;
			hasScannedForEncodings = 0;
			knownRegions = (
				en,
				Base,
			);
			mainGroup = 075C63E41E40DF6500E8B6CA;
			productRefGroup = 075C63EE1E40DF6500E8B6CA /* Products */;
			projectDirPath = "";
			projectReferences = (
				{
					ProductGroup = D608D0C91E77FF6800A1CA41 /* Products */;
					ProjectRef = D608D0C81E77FF6800A1CA41 /* TravelKit.xcodeproj */;
				},
			);
			projectRoot = "";
			targets = (
				075C63EC1E40DF6500E8B6CA /* TravelKit-Demo */,
			);
		};
/* End PBXProject section */

/* Begin PBXReferenceProxy section */
		D608D0CF1E77FF6800A1CA41 /* TravelKit.framework */ = {
			isa = PBXReferenceProxy;
			fileType = wrapper.framework;
			path = TravelKit.framework;
			remoteRef = D608D0CE1E77FF6800A1CA41 /* PBXContainerItemProxy */;
			sourceTree = BUILT_PRODUCTS_DIR;
		};
		D608D0D11E77FF6800A1CA41 /* TravelKit.framework */ = {
			isa = PBXReferenceProxy;
			fileType = wrapper.framework;
			path = TravelKit.framework;
			remoteRef = D608D0D01E77FF6800A1CA41 /* PBXContainerItemProxy */;
			sourceTree = BUILT_PRODUCTS_DIR;
		};
		D608D0D31E77FF6800A1CA41 /* TravelKit.framework */ = {
			isa = PBXReferenceProxy;
			fileType = wrapper.framework;
			path = TravelKit.framework;
			remoteRef = D608D0D21E77FF6800A1CA41 /* PBXContainerItemProxy */;
			sourceTree = BUILT_PRODUCTS_DIR;
		};
/* End PBXReferenceProxy section */

/* Begin PBXResourcesBuildPhase section */
		075C63EB1E40DF6500E8B6CA /* Resources */ = {
			isa = PBXResourcesBuildPhase;
			buildActionMask = 2147483647;
			files = (
				075C63F81E40DF6500E8B6CA /* TravelKit.xcassets in Resources */,
				D6E8E6781E8539F000E8A8F3 /* MapMarkers.ttf in Resources */,
			);
			runOnlyForDeploymentPostprocessing = 0;
		};
/* End PBXResourcesBuildPhase section */

/* Begin PBXSourcesBuildPhase section */
		075C63E91E40DF6500E8B6CA /* Sources */ = {
			isa = PBXSourcesBuildPhase;
			buildActionMask = 2147483647;
			files = (
				D6C991421E9E7797003D863F /* TKNavigationController.m in Sources */,
				D6E71DD11EA75A5D000080FF /* TKMapViewController.m in Sources */,
				D608D0DF1E78266700A1CA41 /* UIKit+TravelKit.m in Sources */,
				075C63F31E40DF6500E8B6CA /* MainViewController.swift in Sources */,
				07F7650E1E433CFD00727090 /* GalleryViewController.swift in Sources */,
				075C640A1E41D31A00E8B6CA /* PlacesListViewController.swift in Sources */,
				075C64431E41E08B00E8B6CA /* PlaceDetailViewController.swift in Sources */,
				D66172721E9619C70088CEEE /* TKPlacesListViewController.m in Sources */,
				D6B6DB1C1E9E4CFE00104C8C /* MHUIImageViewContentViewAnimation.m in Sources */,
				075C64031E40E49300E8B6CA /* MapViewController.swift in Sources */,
				D608D0DB1E7819CE00A1CA41 /* TKPlaceDetailViewController.m in Sources */,
				D61B62C51E9E40530040594D /* TKGalleryCollectionViewController.m in Sources */,
				D6CF594C1E79230000C7840B /* TKPlaceDetailCells.m in Sources */,
				075C63F11E40DF6500E8B6CA /* AppDelegate.swift in Sources */,
				D6B6DB1F1E9E4D5E00104C8C /* TKGalleryTransitions.m in Sources */,
				D6B6DB201E9E4E6A00104C8C /* TKGalleryViewController.m in Sources */,
				07F7650C1E43373B00727090 /* ExtensionHelper.swift in Sources */,
				D6C4DF391E82B4AC0076BEDD /* TKReferenceListViewController.m in Sources */,
				D65086D71E811C34001DF298 /* TKBrowserViewController.m in Sources */,
				D66172771E9644C30088CEEE /* TKPlaceImageView.m in Sources */,
				D689DBF91EBB0A3F00708599 /* TKPlace+TravelKit.m in Sources */,
				D6B6DB211E9E517900104C8C /* TKGalleryMediumView.m in Sources */,
			);
			runOnlyForDeploymentPostprocessing = 0;
		};
/* End PBXSourcesBuildPhase section */

/* Begin PBXTargetDependency section */
		D608D0D71E77FF8000A1CA41 /* PBXTargetDependency */ = {
			isa = PBXTargetDependency;
			name = "TravelKit-iOS";
			targetProxy = D608D0D61E77FF8000A1CA41 /* PBXContainerItemProxy */;
		};
/* End PBXTargetDependency section */

/* Begin XCBuildConfiguration section */
		075C63FD1E40DF6500E8B6CA /* Debug */ = {
			isa = XCBuildConfiguration;
			buildSettings = {
				ALWAYS_SEARCH_USER_PATHS = NO;
				CLANG_ANALYZER_NONNULL = YES;
				CLANG_CXX_LANGUAGE_STANDARD = "gnu++0x";
				CLANG_CXX_LIBRARY = "libc++";
				CLANG_ENABLE_MODULES = YES;
				CLANG_ENABLE_OBJC_ARC = YES;
				CLANG_WARN_BOOL_CONVERSION = YES;
				CLANG_WARN_CONSTANT_CONVERSION = YES;
				CLANG_WARN_DIRECT_OBJC_ISA_USAGE = YES_ERROR;
				CLANG_WARN_DOCUMENTATION_COMMENTS = YES;
				CLANG_WARN_EMPTY_BODY = YES;
				CLANG_WARN_ENUM_CONVERSION = YES;
				CLANG_WARN_INFINITE_RECURSION = YES;
				CLANG_WARN_INT_CONVERSION = YES;
				CLANG_WARN_OBJC_ROOT_CLASS = YES_ERROR;
				CLANG_WARN_SUSPICIOUS_MOVE = YES;
				CLANG_WARN_UNREACHABLE_CODE = YES;
				CLANG_WARN__DUPLICATE_METHOD_MATCH = YES;
				"CODE_SIGN_IDENTITY[sdk=iphoneos*]" = "iPhone Developer";
				COPY_PHASE_STRIP = NO;
				DEBUG_INFORMATION_FORMAT = dwarf;
				ENABLE_STRICT_OBJC_MSGSEND = YES;
				ENABLE_TESTABILITY = YES;
				GCC_C_LANGUAGE_STANDARD = gnu99;
				GCC_DYNAMIC_NO_PIC = NO;
				GCC_NO_COMMON_BLOCKS = YES;
				GCC_OPTIMIZATION_LEVEL = 0;
				GCC_PREPROCESSOR_DEFINITIONS = (
					"DEBUG=1",
					"$(inherited)",
				);
				GCC_WARN_64_TO_32_BIT_CONVERSION = YES;
				GCC_WARN_ABOUT_RETURN_TYPE = YES_ERROR;
				GCC_WARN_UNDECLARED_SELECTOR = YES;
				GCC_WARN_UNINITIALIZED_AUTOS = YES_AGGRESSIVE;
				GCC_WARN_UNUSED_FUNCTION = YES;
				GCC_WARN_UNUSED_VARIABLE = YES;
				IPHONEOS_DEPLOYMENT_TARGET = 8.2;
				MTL_ENABLE_DEBUG_INFO = YES;
				ONLY_ACTIVE_ARCH = YES;
				SDKROOT = iphoneos;
				SWIFT_ACTIVE_COMPILATION_CONDITIONS = DEBUG;
				SWIFT_OPTIMIZATION_LEVEL = "-Onone";
			};
			name = Debug;
		};
		075C63FE1E40DF6500E8B6CA /* Release */ = {
			isa = XCBuildConfiguration;
			buildSettings = {
				ALWAYS_SEARCH_USER_PATHS = NO;
				CLANG_ANALYZER_NONNULL = YES;
				CLANG_CXX_LANGUAGE_STANDARD = "gnu++0x";
				CLANG_CXX_LIBRARY = "libc++";
				CLANG_ENABLE_MODULES = YES;
				CLANG_ENABLE_OBJC_ARC = YES;
				CLANG_WARN_BOOL_CONVERSION = YES;
				CLANG_WARN_CONSTANT_CONVERSION = YES;
				CLANG_WARN_DIRECT_OBJC_ISA_USAGE = YES_ERROR;
				CLANG_WARN_DOCUMENTATION_COMMENTS = YES;
				CLANG_WARN_EMPTY_BODY = YES;
				CLANG_WARN_ENUM_CONVERSION = YES;
				CLANG_WARN_INFINITE_RECURSION = YES;
				CLANG_WARN_INT_CONVERSION = YES;
				CLANG_WARN_OBJC_ROOT_CLASS = YES_ERROR;
				CLANG_WARN_SUSPICIOUS_MOVE = YES;
				CLANG_WARN_UNREACHABLE_CODE = YES;
				CLANG_WARN__DUPLICATE_METHOD_MATCH = YES;
				"CODE_SIGN_IDENTITY[sdk=iphoneos*]" = "iPhone Developer";
				COPY_PHASE_STRIP = NO;
				DEBUG_INFORMATION_FORMAT = "dwarf-with-dsym";
				ENABLE_NS_ASSERTIONS = NO;
				ENABLE_STRICT_OBJC_MSGSEND = YES;
				GCC_C_LANGUAGE_STANDARD = gnu99;
				GCC_NO_COMMON_BLOCKS = YES;
				GCC_WARN_64_TO_32_BIT_CONVERSION = YES;
				GCC_WARN_ABOUT_RETURN_TYPE = YES_ERROR;
				GCC_WARN_UNDECLARED_SELECTOR = YES;
				GCC_WARN_UNINITIALIZED_AUTOS = YES_AGGRESSIVE;
				GCC_WARN_UNUSED_FUNCTION = YES;
				GCC_WARN_UNUSED_VARIABLE = YES;
				IPHONEOS_DEPLOYMENT_TARGET = 8.2;
				MTL_ENABLE_DEBUG_INFO = NO;
				SDKROOT = iphoneos;
				SWIFT_OPTIMIZATION_LEVEL = "-Owholemodule";
				VALIDATE_PRODUCT = YES;
			};
			name = Release;
		};
		075C64001E40DF6500E8B6CA /* Debug */ = {
			isa = XCBuildConfiguration;
			buildSettings = {
				ASSETCATALOG_COMPILER_APPICON_NAME = AppIcon;
				ASSETCATALOG_COMPILER_LAUNCHIMAGE_NAME = LaunchImage;
				CLANG_ENABLE_MODULES = YES;
				DEVELOPMENT_TEAM = WZAKCTX75Z;
				ENABLE_BITCODE = NO;
				FRAMEWORK_SEARCH_PATHS = (
					"$(inherited)",
					"$(PROJECT_DIR)",
					"$(PROJECT_DIR)/TravelKit-Demo",
				);
				INFOPLIST_FILE = "$(TARGET_NAME)/Info.plist";
				IPHONEOS_DEPLOYMENT_TARGET = 8.2;
				LD_RUNPATH_SEARCH_PATHS = "$(inherited) @executable_path/Frameworks";
				PRODUCT_BUNDLE_IDENTIFIER = com.tripomatic.sdk.demo;
				PRODUCT_NAME = "$(TARGET_NAME)";
				SWIFT_OBJC_BRIDGING_HEADER = "$(TARGET_NAME)/Bridging-Header.h";
				SWIFT_OPTIMIZATION_LEVEL = "-Onone";
				SWIFT_VERSION = 3.0;
				TARGETED_DEVICE_FAMILY = "1,2";
			};
			name = Debug;
		};
		075C64011E40DF6500E8B6CA /* Release */ = {
			isa = XCBuildConfiguration;
			buildSettings = {
				ASSETCATALOG_COMPILER_APPICON_NAME = AppIcon;
				ASSETCATALOG_COMPILER_LAUNCHIMAGE_NAME = LaunchImage;
				CLANG_ENABLE_MODULES = YES;
				DEVELOPMENT_TEAM = WZAKCTX75Z;
				ENABLE_BITCODE = NO;
				FRAMEWORK_SEARCH_PATHS = (
					"$(inherited)",
					"$(PROJECT_DIR)",
					"$(PROJECT_DIR)/TravelKit-Demo",
				);
				INFOPLIST_FILE = "$(TARGET_NAME)/Info.plist";
				IPHONEOS_DEPLOYMENT_TARGET = 8.2;
				LD_RUNPATH_SEARCH_PATHS = "$(inherited) @executable_path/Frameworks";
				PRODUCT_BUNDLE_IDENTIFIER = com.tripomatic.sdk.demo;
				PRODUCT_NAME = "$(TARGET_NAME)";
				SWIFT_OBJC_BRIDGING_HEADER = "$(TARGET_NAME)/Bridging-Header.h";
				SWIFT_VERSION = 3.0;
				TARGETED_DEVICE_FAMILY = "1,2";
			};
			name = Release;
		};
/* End XCBuildConfiguration section */

/* Begin XCConfigurationList section */
		075C63E81E40DF6500E8B6CA /* Build configuration list for PBXProject "TravelKit-Demo" */ = {
			isa = XCConfigurationList;
			buildConfigurations = (
				075C63FD1E40DF6500E8B6CA /* Debug */,
				075C63FE1E40DF6500E8B6CA /* Release */,
			);
			defaultConfigurationIsVisible = 0;
			defaultConfigurationName = Release;
		};
		075C63FF1E40DF6500E8B6CA /* Build configuration list for PBXNativeTarget "TravelKit-Demo" */ = {
			isa = XCConfigurationList;
			buildConfigurations = (
				075C64001E40DF6500E8B6CA /* Debug */,
				075C64011E40DF6500E8B6CA /* Release */,
			);
			defaultConfigurationIsVisible = 0;
			defaultConfigurationName = Release;
		};
/* End XCConfigurationList section */
	};
	rootObject = 075C63E51E40DF6500E8B6CA /* Project object */;
}
